
Microsoft Visual Studio Solution File, Format Version 12.00
# Visual Studio Version 17
VisualStudioVersion = 17.8.34309.116
MinimumVisualStudioVersion = 10.0.40219.1
Project("{9A19103F-16F7-4668-BE54-9A1E7A4F7556}") = "CodigoFacilito.UnitTesting.Api", "CodigoFacilito.UnitTesting.Api\CodigoFacilito.UnitTesting.Api.csproj", "{D5D2EA98-76E3-44C7-9EDF-13D2FA9E8B8A}"
EndProject
Project("{FAE04EC0-301F-11D3-BF4B-00C04F79EFBC}") = "CodigoFacilito.UnitTesting.Api.Tests", "CodigoFacilito.UnitTesting.Api.Tests\CodigoFacilito.UnitTesting.Api.Tests.csproj", "{AF4E9504-C010-42B5-BDC4-4EB66B551B3B}"
EndProject
Global
	GlobalSection(SolutionConfigurationPlatforms) = preSolution
		Debug|Any CPU = Debug|Any CPU
		Release|Any CPU = Release|Any CPU
	EndGlobalSection
	GlobalSection(ProjectConfigurationPlatforms) = postSolution
		{D5D2EA98-76E3-44C7-9EDF-13D2FA9E8B8A}.Debug|Any CPU.ActiveCfg = Debug|Any CPU
		{D5D2EA98-76E3-44C7-9EDF-13D2FA9E8B8A}.Debug|Any CPU.Build.0 = Debug|Any CPU
		{D5D2EA98-76E3-44C7-9EDF-13D2FA9E8B8A}.Release|Any CPU.ActiveCfg = Release|Any CPU
		{D5D2EA98-76E3-44C7-9EDF-13D2FA9E8B8A}.Release|Any CPU.Build.0 = Release|Any CPU
		{AF4E9504-C010-42B5-BDC4-4EB66B551B3B}.Debug|Any CPU.ActiveCfg = Debug|Any CPU
		{AF4E9504-C010-42B5-BDC4-4EB66B551B3B}.Debug|Any CPU.Build.0 = Debug|Any CPU
		{AF4E9504-C010-42B5-BDC4-4EB66B551B3B}.Release|Any CPU.ActiveCfg = Release|Any CPU
		{AF4E9504-C010-42B5-BDC4-4EB66B551B3B}.Release|Any CPU.Build.0 = Release|Any CPU
	EndGlobalSection
	GlobalSection(SolutionProperties) = preSolution
		HideSolutionNode = FALSE
	EndGlobalSection
	GlobalSection(ExtensibilityGlobals) = postSolution
		SolutionGuid = {42EA685F-C085-476E-8F54-F30DC4681F4F}
	EndGlobalSection
EndGlobal
