
Microsoft Visual Studio Solution File, Format Version 12.00
# Visual Studio Version 17
VisualStudioVersion = 17.10.35201.131
MinimumVisualStudioVersion = 10.0.40219.1
Project("{9A19103F-16F7-4668-BE54-9A1E7A4F7556}") = "07-demo-windows-forms", "07-demo-windows-forms\07-demo-windows-forms.csproj", "{00A6F754-6779-4060-A0F8-D78924FD8202}"
EndProject
Project("{9A19103F-16F7-4668-BE54-9A1E7A4F7556}") = "1-Entities", "1-Entities\1-Entities.csproj", "{79DCEC0D-145C-4765-9809-0B5BA5BAEF75}"
EndProject
Project("{9A19103F-16F7-4668-BE54-9A1E7A4F7556}") = "2-Services", "2-Services\2-Services.csproj", "{0DC19215-CED1-40C2-AD47-C9963F76BE01}"
EndProject
Project("{9A19103F-16F7-4668-BE54-9A1E7A4F7556}") = "3-Models", "3-Models\3-Models.csproj", "{796CCD77-251C-4854-AB29-D0299C2EAE8C}"
EndProject
Project("{9A19103F-16F7-4668-BE54-9A1E7A4F7556}") = "3-Data", "3-Data\3-Data.csproj", "{2D738C33-C2CC-412A-9F70-8A1D932E286B}"
EndProject
Project("{9A19103F-16F7-4668-BE54-9A1E7A4F7556}") = "3-Repositories", "3-Repositories\3-Repositories.csproj", "{C83E8A12-6D5E-4CEA-AA27-C458448EC87C}"
EndProject
Global
	GlobalSection(SolutionConfigurationPlatforms) = preSolution
		Debug|Any CPU = Debug|Any CPU
		Release|Any CPU = Release|Any CPU
	EndGlobalSection
	GlobalSection(ProjectConfigurationPlatforms) = postSolution
		{00A6F754-6779-4060-A0F8-D78924FD8202}.Debug|Any CPU.ActiveCfg = Debug|Any CPU
		{00A6F754-6779-4060-A0F8-D78924FD8202}.Debug|Any CPU.Build.0 = Debug|Any CPU
		{00A6F754-6779-4060-A0F8-D78924FD8202}.Release|Any CPU.ActiveCfg = Release|Any CPU
		{00A6F754-6779-4060-A0F8-D78924FD8202}.Release|Any CPU.Build.0 = Release|Any CPU
		{79DCEC0D-145C-4765-9809-0B5BA5BAEF75}.Debug|Any CPU.ActiveCfg = Debug|Any CPU
		{79DCEC0D-145C-4765-9809-0B5BA5BAEF75}.Debug|Any CPU.Build.0 = Debug|Any CPU
		{79DCEC0D-145C-4765-9809-0B5BA5BAEF75}.Release|Any CPU.ActiveCfg = Release|Any CPU
		{79DCEC0D-145C-4765-9809-0B5BA5BAEF75}.Release|Any CPU.Build.0 = Release|Any CPU
		{0DC19215-CED1-40C2-AD47-C9963F76BE01}.Debug|Any CPU.ActiveCfg = Debug|Any CPU
		{0DC19215-CED1-40C2-AD47-C9963F76BE01}.Debug|Any CPU.Build.0 = Debug|Any CPU
		{0DC19215-CED1-40C2-AD47-C9963F76BE01}.Release|Any CPU.ActiveCfg = Release|Any CPU
		{0DC19215-CED1-40C2-AD47-C9963F76BE01}.Release|Any CPU.Build.0 = Release|Any CPU
		{796CCD77-251C-4854-AB29-D0299C2EAE8C}.Debug|Any CPU.ActiveCfg = Debug|Any CPU
		{796CCD77-251C-4854-AB29-D0299C2EAE8C}.Debug|Any CPU.Build.0 = Debug|Any CPU
		{796CCD77-251C-4854-AB29-D0299C2EAE8C}.Release|Any CPU.ActiveCfg = Release|Any CPU
		{796CCD77-251C-4854-AB29-D0299C2EAE8C}.Release|Any CPU.Build.0 = Release|Any CPU
		{2D738C33-C2CC-412A-9F70-8A1D932E286B}.Debug|Any CPU.ActiveCfg = Debug|Any CPU
		{2D738C33-C2CC-412A-9F70-8A1D932E286B}.Debug|Any CPU.Build.0 = Debug|Any CPU
		{2D738C33-C2CC-412A-9F70-8A1D932E286B}.Release|Any CPU.ActiveCfg = Release|Any CPU
		{2D738C33-C2CC-412A-9F70-8A1D932E286B}.Release|Any CPU.Build.0 = Release|Any CPU
		{C83E8A12-6D5E-4CEA-AA27-C458448EC87C}.Debug|Any CPU.ActiveCfg = Debug|Any CPU
		{C83E8A12-6D5E-4CEA-AA27-C458448EC87C}.Debug|Any CPU.Build.0 = Debug|Any CPU
		{C83E8A12-6D5E-4CEA-AA27-C458448EC87C}.Release|Any CPU.ActiveCfg = Release|Any CPU
		{C83E8A12-6D5E-4CEA-AA27-C458448EC87C}.Release|Any CPU.Build.0 = Release|Any CPU
	EndGlobalSection
	GlobalSection(SolutionProperties) = preSolution
		HideSolutionNode = FALSE
	EndGlobalSection
	GlobalSection(ExtensibilityGlobals) = postSolution
		SolutionGuid = {3AD50894-4C73-4F2B-9146-0417109B49F3}
	EndGlobalSection
EndGlobal
