
Microsoft Visual Studio Solution File, Format Version 12.00
# Visual Studio Version 17
VisualStudioVersion = 17.10.35201.131
MinimumVisualStudioVersion = 10.0.40219.1
Project("{9A19103F-16F7-4668-BE54-9A1E7A4F7556}") = "Consola", "Consola\Consola.csproj", "{CE4EA453-6416-4539-9568-352DF369A770}"
EndProject
Project("{9A19103F-16F7-4668-BE54-9A1E7A4F7556}") = "TextManagement", "TextManager\TextManagement.csproj", "{74282F78-DF1E-4D17-A8FE-7442F3243DB6}"
EndProject
Project("{2150E333-8FDC-42A3-9474-1A3956D46DE8}") = "UnitTests", "UnitTests", "{03E78C26-9AD4-4308-88C6-3DC1805F6AF2}"
EndProject
Project("{9A19103F-16F7-4668-BE54-9A1E7A4F7556}") = "ConsolaTests", "ConsolaTests\ConsolaTests.csproj", "{C19F9CBA-1EB5-4656-A427-80D9D3D7F5A7}"
EndProject
Project("{9A19103F-16F7-4668-BE54-9A1E7A4F7556}") = "TextManagerTests", "TextManagerTests\TextManagerTests.csproj", "{710BB47E-8B10-4CF1-85CF-5B0FFFB723EC}"
EndProject
Global
	GlobalSection(SolutionConfigurationPlatforms) = preSolution
		Debug|Any CPU = Debug|Any CPU
		Release|Any CPU = Release|Any CPU
	EndGlobalSection
	GlobalSection(ProjectConfigurationPlatforms) = postSolution
		{CE4EA453-6416-4539-9568-352DF369A770}.Debug|Any CPU.ActiveCfg = Debug|Any CPU
		{CE4EA453-6416-4539-9568-352DF369A770}.Debug|Any CPU.Build.0 = Debug|Any CPU
		{CE4EA453-6416-4539-9568-352DF369A770}.Release|Any CPU.ActiveCfg = Release|Any CPU
		{CE4EA453-6416-4539-9568-352DF369A770}.Release|Any CPU.Build.0 = Release|Any CPU
		{74282F78-DF1E-4D17-A8FE-7442F3243DB6}.Debug|Any CPU.ActiveCfg = Debug|Any CPU
		{74282F78-DF1E-4D17-A8FE-7442F3243DB6}.Debug|Any CPU.Build.0 = Debug|Any CPU
		{74282F78-DF1E-4D17-A8FE-7442F3243DB6}.Release|Any CPU.ActiveCfg = Release|Any CPU
		{74282F78-DF1E-4D17-A8FE-7442F3243DB6}.Release|Any CPU.Build.0 = Release|Any CPU
		{C19F9CBA-1EB5-4656-A427-80D9D3D7F5A7}.Debug|Any CPU.ActiveCfg = Debug|Any CPU
		{C19F9CBA-1EB5-4656-A427-80D9D3D7F5A7}.Debug|Any CPU.Build.0 = Debug|Any CPU
		{C19F9CBA-1EB5-4656-A427-80D9D3D7F5A7}.Release|Any CPU.ActiveCfg = Release|Any CPU
		{C19F9CBA-1EB5-4656-A427-80D9D3D7F5A7}.Release|Any CPU.Build.0 = Release|Any CPU
		{710BB47E-8B10-4CF1-85CF-5B0FFFB723EC}.Debug|Any CPU.ActiveCfg = Debug|Any CPU
		{710BB47E-8B10-4CF1-85CF-5B0FFFB723EC}.Debug|Any CPU.Build.0 = Debug|Any CPU
		{710BB47E-8B10-4CF1-85CF-5B0FFFB723EC}.Release|Any CPU.ActiveCfg = Release|Any CPU
		{710BB47E-8B10-4CF1-85CF-5B0FFFB723EC}.Release|Any CPU.Build.0 = Release|Any CPU
	EndGlobalSection
	GlobalSection(SolutionProperties) = preSolution
		HideSolutionNode = FALSE
	EndGlobalSection
	GlobalSection(NestedProjects) = preSolution
		{C19F9CBA-1EB5-4656-A427-80D9D3D7F5A7} = {03E78C26-9AD4-4308-88C6-3DC1805F6AF2}
		{710BB47E-8B10-4CF1-85CF-5B0FFFB723EC} = {03E78C26-9AD4-4308-88C6-3DC1805F6AF2}
	EndGlobalSection
	GlobalSection(ExtensibilityGlobals) = postSolution
		SolutionGuid = {35A305C1-3365-47F4-A023-1F9E9CEF5CDC}
	EndGlobalSection
EndGlobal
