
Microsoft Visual Studio Solution File, Format Version 12.00
# Visual Studio Version 17
VisualStudioVersion = 17.10.35027.167
MinimumVisualStudioVersion = 10.0.40219.1
Project("{9A19103F-16F7-4668-BE54-9A1E7A4F7556}") = "hl-practicando", "hl-practicando\hl-practicando.csproj", "{0F384D7D-4D3E-4E2F-8846-6825BAD1C69D}"
EndProject
Project("{FAE04EC0-301F-11D3-BF4B-00C04F79EFBC}") = "DB", "DB\DB.csproj", "{02277AD3-ED1C-410A-A583-901598A54AFC}"
EndProject
Global
	GlobalSection(SolutionConfigurationPlatforms) = preSolution
		Debug|Any CPU = Debug|Any CPU
		Release|Any CPU = Release|Any CPU
	EndGlobalSection
	GlobalSection(ProjectConfigurationPlatforms) = postSolution
		{0F384D7D-4D3E-4E2F-8846-6825BAD1C69D}.Debug|Any CPU.ActiveCfg = Debug|Any CPU
		{0F384D7D-4D3E-4E2F-8846-6825BAD1C69D}.Debug|Any CPU.Build.0 = Debug|Any CPU
		{0F384D7D-4D3E-4E2F-8846-6825BAD1C69D}.Release|Any CPU.ActiveCfg = Release|Any CPU
		{0F384D7D-4D3E-4E2F-8846-6825BAD1C69D}.Release|Any CPU.Build.0 = Release|Any CPU
		{02277AD3-ED1C-410A-A583-901598A54AFC}.Debug|Any CPU.ActiveCfg = Debug|Any CPU
		{02277AD3-ED1C-410A-A583-901598A54AFC}.Debug|Any CPU.Build.0 = Debug|Any CPU
		{02277AD3-ED1C-410A-A583-901598A54AFC}.Release|Any CPU.ActiveCfg = Release|Any CPU
		{02277AD3-ED1C-410A-A583-901598A54AFC}.Release|Any CPU.Build.0 = Release|Any CPU
	EndGlobalSection
	GlobalSection(SolutionProperties) = preSolution
		HideSolutionNode = FALSE
	EndGlobalSection
	GlobalSection(ExtensibilityGlobals) = postSolution
		SolutionGuid = {8F6C8F8C-9CE5-4CC4-82CD-E0F95CF7D336}
	EndGlobalSection
EndGlobal
