
Microsoft Visual Studio Solution File, Format Version 12.00
# Visual Studio Version 17
VisualStudioVersion = 17.10.35201.131
MinimumVisualStudioVersion = 10.0.40219.1
Project("{FAE04EC0-301F-11D3-BF4B-00C04F79EFBC}") = "Demo REST API", "Demo REST API\Demo REST API.csproj", "{4AC5EA75-1AA5-498D-9BBC-A443380FBE5F}"
EndProject
Global
	GlobalSection(SolutionConfigurationPlatforms) = preSolution
		Debug|Any CPU = Debug|Any CPU
		Release|Any CPU = Release|Any CPU
	EndGlobalSection
	GlobalSection(ProjectConfigurationPlatforms) = postSolution
		{4AC5EA75-1AA5-498D-9BBC-A443380FBE5F}.Debug|Any CPU.ActiveCfg = Debug|Any CPU
		{4AC5EA75-1AA5-498D-9BBC-A443380FBE5F}.Debug|Any CPU.Build.0 = Debug|Any CPU
		{4AC5EA75-1AA5-498D-9BBC-A443380FBE5F}.Release|Any CPU.ActiveCfg = Release|Any CPU
		{4AC5EA75-1AA5-498D-9BBC-A443380FBE5F}.Release|Any CPU.Build.0 = Release|Any CPU
	EndGlobalSection
	GlobalSection(SolutionProperties) = preSolution
		HideSolutionNode = FALSE
	EndGlobalSection
	GlobalSection(ExtensibilityGlobals) = postSolution
		SolutionGuid = {F1AF3352-04BF-4791-B2BD-1D2D9A180FDB}
	EndGlobalSection
EndGlobal
