
Microsoft Visual Studio Solution File, Format Version 12.00
# Visual Studio Version 17
VisualStudioVersion = 17.10.35201.131
MinimumVisualStudioVersion = 10.0.40219.1
Project("{9A19103F-16F7-4668-BE54-9A1E7A4F7556}") = "DesignPattern", "DesignPattern\DesignPattern.csproj", "{C7133E5B-2591-4219-993D-AECF7901C3AE}"
EndProject
Project("{9A19103F-16F7-4668-BE54-9A1E7A4F7556}") = "DesignPatternsASP", "DesignPatternsASP\DesignPatternsASP.csproj", "{7C543B26-F1D3-4748-9524-58DEA23E65B0}"
EndProject
Project("{9A19103F-16F7-4668-BE54-9A1E7A4F7556}") = "Tools", "Tools\Tools.csproj", "{40F13276-39BE-4185-B7CE-F15EF961588E}"
EndProject
Project("{FAE04EC0-301F-11D3-BF4B-00C04F79EFBC}") = "DesignPatterns.Models", "DesignPatterns.Models\DesignPatterns.Models.csproj", "{0374A368-7F6A-4634-90E4-2C09AFA637BC}"
EndProject
Project("{FAE04EC0-301F-11D3-BF4B-00C04F79EFBC}") = "DesignPatterns.Repository", "DesignPatterns.Repository\DesignPatterns.Repository.csproj", "{36C48BE5-02D8-439E-B829-02922BBF8599}"
EndProject
Global
	GlobalSection(SolutionConfigurationPlatforms) = preSolution
		Debug|Any CPU = Debug|Any CPU
		Release|Any CPU = Release|Any CPU
	EndGlobalSection
	GlobalSection(ProjectConfigurationPlatforms) = postSolution
		{C7133E5B-2591-4219-993D-AECF7901C3AE}.Debug|Any CPU.ActiveCfg = Debug|Any CPU
		{C7133E5B-2591-4219-993D-AECF7901C3AE}.Debug|Any CPU.Build.0 = Debug|Any CPU
		{C7133E5B-2591-4219-993D-AECF7901C3AE}.Release|Any CPU.ActiveCfg = Release|Any CPU
		{C7133E5B-2591-4219-993D-AECF7901C3AE}.Release|Any CPU.Build.0 = Release|Any CPU
		{7C543B26-F1D3-4748-9524-58DEA23E65B0}.Debug|Any CPU.ActiveCfg = Debug|Any CPU
		{7C543B26-F1D3-4748-9524-58DEA23E65B0}.Debug|Any CPU.Build.0 = Debug|Any CPU
		{7C543B26-F1D3-4748-9524-58DEA23E65B0}.Release|Any CPU.ActiveCfg = Release|Any CPU
		{7C543B26-F1D3-4748-9524-58DEA23E65B0}.Release|Any CPU.Build.0 = Release|Any CPU
		{40F13276-39BE-4185-B7CE-F15EF961588E}.Debug|Any CPU.ActiveCfg = Debug|Any CPU
		{40F13276-39BE-4185-B7CE-F15EF961588E}.Debug|Any CPU.Build.0 = Debug|Any CPU
		{40F13276-39BE-4185-B7CE-F15EF961588E}.Release|Any CPU.ActiveCfg = Release|Any CPU
		{40F13276-39BE-4185-B7CE-F15EF961588E}.Release|Any CPU.Build.0 = Release|Any CPU
		{0374A368-7F6A-4634-90E4-2C09AFA637BC}.Debug|Any CPU.ActiveCfg = Debug|Any CPU
		{0374A368-7F6A-4634-90E4-2C09AFA637BC}.Debug|Any CPU.Build.0 = Debug|Any CPU
		{0374A368-7F6A-4634-90E4-2C09AFA637BC}.Release|Any CPU.ActiveCfg = Release|Any CPU
		{0374A368-7F6A-4634-90E4-2C09AFA637BC}.Release|Any CPU.Build.0 = Release|Any CPU
		{36C48BE5-02D8-439E-B829-02922BBF8599}.Debug|Any CPU.ActiveCfg = Debug|Any CPU
		{36C48BE5-02D8-439E-B829-02922BBF8599}.Debug|Any CPU.Build.0 = Debug|Any CPU
		{36C48BE5-02D8-439E-B829-02922BBF8599}.Release|Any CPU.ActiveCfg = Release|Any CPU
		{36C48BE5-02D8-439E-B829-02922BBF8599}.Release|Any CPU.Build.0 = Release|Any CPU
	EndGlobalSection
	GlobalSection(SolutionProperties) = preSolution
		HideSolutionNode = FALSE
	EndGlobalSection
	GlobalSection(ExtensibilityGlobals) = postSolution
		SolutionGuid = {A970B13E-9467-486A-81BB-F67F4BA0D43B}
	EndGlobalSection
EndGlobal
